
Microsoft Visual Studio Solution File, Format Version 12.00
# Visual Studio Version 17
VisualStudioVersion = 17.13.35828.75 d17.13
MinimumVisualStudioVersion = 10.0.40219.1
Project("{FAE04EC0-301F-11D3-BF4B-00C04F79EFBC}") = "VectorModelTest", "VectorModelTest.csproj", "{BB638BF2-4EA3-4013-2C69-B1332A3CB06E}"
EndProject
Global
	GlobalSection(SolutionConfigurationPlatforms) = preSolution
		Debug|Any CPU = Debug|Any CPU
		Release|Any CPU = Release|Any CPU
	EndGlobalSection
	GlobalSection(ProjectConfigurationPlatforms) = postSolution
		{BB638BF2-4EA3-4013-2C69-B1332A3CB06E}.Debug|Any CPU.ActiveCfg = Debug|Any CPU
		{BB638BF2-4EA3-4013-2C69-B1332A3CB06E}.Debug|Any CPU.Build.0 = Debug|Any CPU
		{BB638BF2-4EA3-4013-2C69-B1332A3CB06E}.Release|Any CPU.ActiveCfg = Release|Any CPU
		{BB638BF2-4EA3-4013-2C69-B1332A3CB06E}.Release|Any CPU.Build.0 = Release|Any CPU
	EndGlobalSection
	GlobalSection(SolutionProperties) = preSolution
		HideSolutionNode = FALSE
	EndGlobalSection
	GlobalSection(ExtensibilityGlobals) = postSolution
		SolutionGuid = {B1082434-C006-4B9E-92B5-24B6A0639D5D}
	EndGlobalSection
EndGlobal
